// !$*UTF8*$!
{
	archiveVersion = 1;
	classes = {
	};
	objectVersion = 77;
	objects = {

/* Begin PBXCopyFilesBuildPhase section */
		7737F2C42E20E9B900227CDC /* CopyFiles */ = {
			isa = PBXCopyFilesBuildPhase;
			buildActionMask = 2147483647;
			dstPath = /usr/share/man/man1/;
			dstSubfolderSpec = 0;
			files = (
			);
			runOnlyForDeploymentPostprocessing = 1;
		};
		7737F2CF2E212E2900227CDC /* CopyFiles */ = {
			isa = PBXCopyFilesBuildPhase;
			buildActionMask = 2147483647;
			dstPath = /usr/share/man/man1/;
			dstSubfolderSpec = 0;
			files = (
			);
			runOnlyForDeploymentPostprocessing = 1;
		};
		77602A632E28242E005CE5CB /* CopyFiles */ = {
			isa = PBXCopyFilesBuildPhase;
			buildActionMask = 2147483647;
			dstPath = /usr/share/man/man1/;
			dstSubfolderSpec = 0;
			files = (
			);
			runOnlyForDeploymentPostprocessing = 1;
		};
		777C9DC02E1D11510099EE18 /* CopyFiles */ = {
			isa = PBXCopyFilesBuildPhase;
			buildActionMask = 2147483647;
			dstPath = /usr/share/man/man1/;
			dstSubfolderSpec = 0;
			files = (
			);
			runOnlyForDeploymentPostprocessing = 1;
		};
		777C9DCE2E1D1BB30099EE18 /* CopyFiles */ = {
			isa = PBXCopyFilesBuildPhase;
			buildActionMask = 2147483647;
			dstPath = /usr/share/man/man1/;
			dstSubfolderSpec = 0;
			files = (
			);
			runOnlyForDeploymentPostprocessing = 1;
		};
		777C9DD92E1D1DC60099EE18 /* CopyFiles */ = {
			isa = PBXCopyFilesBuildPhase;
			buildActionMask = 2147483647;
			dstPath = /usr/share/man/man1/;
			dstSubfolderSpec = 0;
			files = (
			);
			runOnlyForDeploymentPostprocessing = 1;
		};
		777C9DE42E1D1F240099EE18 /* CopyFiles */ = {
			isa = PBXCopyFilesBuildPhase;
			buildActionMask = 2147483647;
			dstPath = /usr/share/man/man1/;
			dstSubfolderSpec = 0;
			files = (
			);
			runOnlyForDeploymentPostprocessing = 1;
		};
		777C9DEF2E1D22690099EE18 /* CopyFiles */ = {
			isa = PBXCopyFilesBuildPhase;
			buildActionMask = 2147483647;
			dstPath = /usr/share/man/man1/;
			dstSubfolderSpec = 0;
			files = (
			);
			runOnlyForDeploymentPostprocessing = 1;
		};
		779073B22E28AC0B00D96807 /* CopyFiles */ = {
			isa = PBXCopyFilesBuildPhase;
			buildActionMask = 2147483647;
			dstPath = /usr/share/man/man1/;
			dstSubfolderSpec = 0;
			files = (
			);
			runOnlyForDeploymentPostprocessing = 1;
		};
		77B1DA1C2E27CDEC005D7DB0 /* CopyFiles */ = {
			isa = PBXCopyFilesBuildPhase;
			buildActionMask = 2147483647;
			dstPath = /usr/share/man/man1/;
			dstSubfolderSpec = 0;
			files = (
			);
			runOnlyForDeploymentPostprocessing = 1;
		};
		77B1DA272E27EDB6005D7DB0 /* CopyFiles */ = {
			isa = PBXCopyFilesBuildPhase;
			buildActionMask = 2147483647;
			dstPath = /usr/share/man/man1/;
			dstSubfolderSpec = 0;
			files = (
			);
			runOnlyForDeploymentPostprocessing = 1;
		};
		77B1DA322E27F6B4005D7DB0 /* CopyFiles */ = {
			isa = PBXCopyFilesBuildPhase;
			buildActionMask = 2147483647;
			dstPath = /usr/share/man/man1/;
			dstSubfolderSpec = 0;
			files = (
			);
			runOnlyForDeploymentPostprocessing = 1;
		};
		77B1DA3D2E27F9E7005D7DB0 /* CopyFiles */ = {
			isa = PBXCopyFilesBuildPhase;
			buildActionMask = 2147483647;
			dstPath = /usr/share/man/man1/;
			dstSubfolderSpec = 0;
			files = (
			);
			runOnlyForDeploymentPostprocessing = 1;
		};
		77CC1D3A2E28EEDC005B4CF0 /* CopyFiles */ = {
			isa = PBXCopyFilesBuildPhase;
			buildActionMask = 2147483647;
			dstPath = /usr/share/man/man1/;
			dstSubfolderSpec = 0;
			files = (
			);
			runOnlyForDeploymentPostprocessing = 1;
		};
		77CC1D452E291EFD005B4CF0 /* CopyFiles */ = {
			isa = PBXCopyFilesBuildPhase;
			buildActionMask = 2147483647;
			dstPath = /usr/share/man/man1/;
			dstSubfolderSpec = 0;
			files = (
			);
			runOnlyForDeploymentPostprocessing = 1;
		};
		77CC1D502E293B66005B4CF0 /* CopyFiles */ = {
			isa = PBXCopyFilesBuildPhase;
			buildActionMask = 2147483647;
			dstPath = /usr/share/man/man1/;
			dstSubfolderSpec = 0;
			files = (
			);
			runOnlyForDeploymentPostprocessing = 1;
		};
		77CC1D5B2E2980AD005B4CF0 /* CopyFiles */ = {
			isa = PBXCopyFilesBuildPhase;
			buildActionMask = 2147483647;
			dstPath = /usr/share/man/man1/;
			dstSubfolderSpec = 0;
			files = (
			);
			runOnlyForDeploymentPostprocessing = 1;
		};
		77CC1D662E299745005B4CF0 /* CopyFiles */ = {
			isa = PBXCopyFilesBuildPhase;
			buildActionMask = 2147483647;
			dstPath = /usr/share/man/man1/;
			dstSubfolderSpec = 0;
			files = (
			);
			runOnlyForDeploymentPostprocessing = 1;
		};
		77E82A362E238DC200CB53FA /* CopyFiles */ = {
			isa = PBXCopyFilesBuildPhase;
			buildActionMask = 2147483647;
			dstPath = /usr/share/man/man1/;
			dstSubfolderSpec = 0;
			files = (
			);
			runOnlyForDeploymentPostprocessing = 1;
		};
		77E82A412E2393E300CB53FA /* CopyFiles */ = {
			isa = PBXCopyFilesBuildPhase;
			buildActionMask = 2147483647;
			dstPath = /usr/share/man/man1/;
			dstSubfolderSpec = 0;
			files = (
			);
			runOnlyForDeploymentPostprocessing = 1;
		};
		77E82A4C2E2395A500CB53FA /* CopyFiles */ = {
			isa = PBXCopyFilesBuildPhase;
			buildActionMask = 2147483647;
			dstPath = /usr/share/man/man1/;
			dstSubfolderSpec = 0;
			files = (
			);
			runOnlyForDeploymentPostprocessing = 1;
		};
		77E82A572E239F7F00CB53FA /* CopyFiles */ = {
			isa = PBXCopyFilesBuildPhase;
			buildActionMask = 2147483647;
			dstPath = /usr/share/man/man1/;
			dstSubfolderSpec = 0;
			files = (
			);
			runOnlyForDeploymentPostprocessing = 1;
		};
/* End PBXCopyFilesBuildPhase section */

/* Begin PBXFileReference section */
		7737F2C62E20E9B900227CDC /* otate matrix 90 degrees (clockwise). */ = {isa = PBXFileReference; explicitFileType = "compiled.mach-o.executable"; includeInIndex = 0; path = "otate matrix 90 degrees (clockwise)."; sourceTree = BUILT_PRODUCTS_DIR; };
		7737F2D12E212E2900227CDC /* Matrix Multiplication */ = {isa = PBXFileReference; explicitFileType = "compiled.mach-o.executable"; includeInIndex = 0; path = "Matrix Multiplication"; sourceTree = BUILT_PRODUCTS_DIR; };
		77602A652E28242E005CE5CB /* Reverse Column Wave */ = {isa = PBXFileReference; explicitFileType = "compiled.mach-o.executable"; includeInIndex = 0; path = "Reverse Column Wave"; sourceTree = BUILT_PRODUCTS_DIR; };
		777C9DC22E1D11510099EE18 /* Vector */ = {isa = PBXFileReference; explicitFileType = "compiled.mach-o.executable"; includeInIndex = 0; path = Vector; sourceTree = BUILT_PRODUCTS_DIR; };
		777C9DD02E1D1BB30099EE18 /* Roll Num and Marks */ = {isa = PBXFileReference; explicitFileType = "compiled.mach-o.executable"; includeInIndex = 0; path = "Roll Num and Marks"; sourceTree = BUILT_PRODUCTS_DIR; };
		777C9DDB2E1D1DC60099EE18 /* Find Largest */ = {isa = PBXFileReference; explicitFileType = "compiled.mach-o.executable"; includeInIndex = 0; path = "Find Largest"; sourceTree = BUILT_PRODUCTS_DIR; };
		777C9DE62E1D1F240099EE18 /* Sum Of All Elements */ = {isa = PBXFileReference; explicitFileType = "compiled.mach-o.executable"; includeInIndex = 0; path = "Sum Of All Elements"; sourceTree = BUILT_PRODUCTS_DIR; };
		777C9DF12E1D22690099EE18 /* Addition of two 2d array */ = {isa = PBXFileReference; explicitFileType = "compiled.mach-o.executable"; includeInIndex = 0; path = "Addition of two 2d array"; sourceTree = BUILT_PRODUCTS_DIR; };
		779073B42E28AC0B00D96807 /* Spiral Matrix Generation */ = {isa = PBXFileReference; explicitFileType = "compiled.mach-o.executable"; includeInIndex = 0; path = "Spiral Matrix Generation"; sourceTree = BUILT_PRODUCTS_DIR; };
		77B1DA1E2E27CDEC005D7DB0 /* ---- ROUGH ---- */ = {isa = PBXFileReference; explicitFileType = "compiled.mach-o.executable"; includeInIndex = 0; path = "---- ROUGH ----"; sourceTree = BUILT_PRODUCTS_DIR; };
		77B1DA292E27EDB6005D7DB0 /* Display Middle Row and Middle Column */ = {isa = PBXFileReference; explicitFileType = "compiled.mach-o.executable"; includeInIndex = 0; path = "Display Middle Row and Middle Column"; sourceTree = BUILT_PRODUCTS_DIR; };
		77B1DA342E27F6B4005D7DB0 /* diagonals in a square matrix.  diagonals in a square matrix.  diagonals in a square matrix.  Diagonals in a square matrix */ = {isa = PBXFileReference; explicitFileType = "compiled.mach-o.executable"; includeInIndex = 0; path = "diagonals in a square matrix.  diagonals in a square matrix.  diagonals in a square matrix.  Diagonals in a square matrix"; sourceTree = BUILT_PRODUCTS_DIR; };
		77B1DA3F2E27F9E7005D7DB0 /* Rotate by 90 degrees anti-clockwise. */ = {isa = PBXFileReference; explicitFileType = "compiled.mach-o.executable"; includeInIndex = 0; path = "Rotate by 90 degrees anti-clockwise."; sourceTree = BUILT_PRODUCTS_DIR; };
		77CC1D3C2E28EEDC005B4CF0 /* Leetcode 118. Pascal's Triangle */ = {isa = PBXFileReference; explicitFileType = "compiled.mach-o.executable"; includeInIndex = 0; path = "Leetcode 118. Pascal's Triangle"; sourceTree = BUILT_PRODUCTS_DIR; };
		77CC1D472E291EFD005B4CF0 /* calculate the decimal sum of binary array */ = {isa = PBXFileReference; explicitFileType = "compiled.mach-o.executable"; includeInIndex = 0; path = "calculate the decimal sum of binary array"; sourceTree = BUILT_PRODUCTS_DIR; };
		77CC1D522E293B66005B4CF0 /* 861. Score After Flipping Matrix */ = {isa = PBXFileReference; explicitFileType = "compiled.mach-o.executable"; includeInIndex = 0; path = "861. Score After Flipping Matrix"; sourceTree = BUILT_PRODUCTS_DIR; };
		77CC1D5D2E2980AD005B4CF0 /* 240. Search a 2D Matrix II */ = {isa = PBXFileReference; explicitFileType = "compiled.mach-o.executable"; includeInIndex = 0; path = "240. Search a 2D Matrix II"; sourceTree = BUILT_PRODUCTS_DIR; };
		77CC1D682E299745005B4CF0 /* 119. Pascal's Triangle II */ = {isa = PBXFileReference; explicitFileType = "compiled.mach-o.executable"; includeInIndex = 0; path = "119. Pascal's Triangle II"; sourceTree = BUILT_PRODUCTS_DIR; };
		77E82A382E238DC200CB53FA /* Wave Form */ = {isa = PBXFileReference; explicitFileType = "compiled.mach-o.executable"; includeInIndex = 0; path = "Wave Form"; sourceTree = BUILT_PRODUCTS_DIR; };
		77E82A432E2393E300CB53FA /* Wave Form 2 */ = {isa = PBXFileReference; explicitFileType = "compiled.mach-o.executable"; includeInIndex = 0; path = "Wave Form 2"; sourceTree = BUILT_PRODUCTS_DIR; };
		77E82A4E2E2395A500CB53FA /* wave form 3 */ = {isa = PBXFileReference; explicitFileType = "compiled.mach-o.executable"; includeInIndex = 0; path = "wave form 3"; sourceTree = BUILT_PRODUCTS_DIR; };
		77E82A592E239F7F00CB53FA /* Spiral Form */ = {isa = PBXFileReference; explicitFileType = "compiled.mach-o.executable"; includeInIndex = 0; path = "Spiral Form"; sourceTree = BUILT_PRODUCTS_DIR; };
/* End PBXFileReference section */

/* Begin PBXFileSystemSynchronizedRootGroup section */
		7737F2C72E20E9B900227CDC /* otate matrix 90 degrees (clockwise). */ = {
			isa = PBXFileSystemSynchronizedRootGroup;
			path = "otate matrix 90 degrees (clockwise).";
			sourceTree = "<group>";
		};
		7737F2D22E212E2900227CDC /* Matrix Multiplication */ = {
			isa = PBXFileSystemSynchronizedRootGroup;
			path = "Matrix Multiplication";
			sourceTree = "<group>";
		};
		77602A662E28242E005CE5CB /* Reverse Column Wave */ = {
			isa = PBXFileSystemSynchronizedRootGroup;
			path = "Reverse Column Wave";
			sourceTree = "<group>";
		};
		777C9DC42E1D11510099EE18 /* Vector */ = {
			isa = PBXFileSystemSynchronizedRootGroup;
			path = Vector;
			sourceTree = "<group>";
		};
		777C9DD12E1D1BB30099EE18 /* Roll Num and Marks */ = {
			isa = PBXFileSystemSynchronizedRootGroup;
			path = "Roll Num and Marks";
			sourceTree = "<group>";
		};
		777C9DDC2E1D1DC60099EE18 /* Find Largest */ = {
			isa = PBXFileSystemSynchronizedRootGroup;
			path = "Find Largest";
			sourceTree = "<group>";
		};
		777C9DE72E1D1F240099EE18 /* Sum Of All Elements */ = {
			isa = PBXFileSystemSynchronizedRootGroup;
			path = "Sum Of All Elements";
			sourceTree = "<group>";
		};
		777C9DF22E1D22690099EE18 /* Addition of two 2d array */ = {
			isa = PBXFileSystemSynchronizedRootGroup;
			path = "Addition of two 2d array";
			sourceTree = "<group>";
		};
		779073B52E28AC0B00D96807 /* Spiral Matrix Generation */ = {
			isa = PBXFileSystemSynchronizedRootGroup;
			path = "Spiral Matrix Generation";
			sourceTree = "<group>";
		};
		77B1DA1F2E27CDEC005D7DB0 /* ---- ROUGH ---- */ = {
			isa = PBXFileSystemSynchronizedRootGroup;
			path = "---- ROUGH ----";
			sourceTree = "<group>";
		};
		77B1DA2A2E27EDB6005D7DB0 /* Display Middle Row and Middle Column */ = {
			isa = PBXFileSystemSynchronizedRootGroup;
			path = "Display Middle Row and Middle Column";
			sourceTree = "<group>";
		};
		77B1DA352E27F6B4005D7DB0 /* diagonals in a square matrix.  diagonals in a square matrix.  diagonals in a square matrix.  Diagonals in a square matrix */ = {
			isa = PBXFileSystemSynchronizedRootGroup;
			path = "diagonals in a square matrix.  diagonals in a square matrix.  diagonals in a square matrix.  Diagonals in a square matrix";
			sourceTree = "<group>";
		};
		77B1DA402E27F9E7005D7DB0 /* Rotate by 90 degrees anti-clockwise. */ = {
			isa = PBXFileSystemSynchronizedRootGroup;
			path = "Rotate by 90 degrees anti-clockwise.";
			sourceTree = "<group>";
		};
		77CC1D3D2E28EEDC005B4CF0 /* Leetcode 118. Pascal's Triangle */ = {
			isa = PBXFileSystemSynchronizedRootGroup;
			path = "Leetcode 118. Pascal's Triangle";
			sourceTree = "<group>";
		};
		77CC1D482E291EFD005B4CF0 /* calculate the decimal sum of binary array */ = {
			isa = PBXFileSystemSynchronizedRootGroup;
			path = "calculate the decimal sum of binary array";
			sourceTree = "<group>";
		};
		77CC1D532E293B66005B4CF0 /* 861. Score After Flipping Matrix */ = {
			isa = PBXFileSystemSynchronizedRootGroup;
			path = "861. Score After Flipping Matrix";
			sourceTree = "<group>";
		};
		77CC1D5E2E2980AD005B4CF0 /* 240. Search a 2D Matrix II */ = {
			isa = PBXFileSystemSynchronizedRootGroup;
			path = "240. Search a 2D Matrix II";
			sourceTree = "<group>";
		};
		77CC1D692E299745005B4CF0 /* 119. Pascal's Triangle II */ = {
			isa = PBXFileSystemSynchronizedRootGroup;
			path = "119. Pascal's Triangle II";
			sourceTree = "<group>";
		};
		77E82A392E238DC200CB53FA /* Wave Form */ = {
			isa = PBXFileSystemSynchronizedRootGroup;
			path = "Wave Form";
			sourceTree = "<group>";
		};
		77E82A442E2393E300CB53FA /* Wave Form 2 */ = {
			isa = PBXFileSystemSynchronizedRootGroup;
			path = "Wave Form 2";
			sourceTree = "<group>";
		};
		77E82A4F2E2395A500CB53FA /* wave form 3 */ = {
			isa = PBXFileSystemSynchronizedRootGroup;
			path = "wave form 3";
			sourceTree = "<group>";
		};
		77E82A5A2E239F7F00CB53FA /* Spiral Form */ = {
			isa = PBXFileSystemSynchronizedRootGroup;
			path = "Spiral Form";
			sourceTree = "<group>";
		};
/* End PBXFileSystemSynchronizedRootGroup section */

/* Begin PBXFrameworksBuildPhase section */
		7737F2C32E20E9B900227CDC /* Frameworks */ = {
			isa = PBXFrameworksBuildPhase;
			buildActionMask = 2147483647;
			files = (
			);
			runOnlyForDeploymentPostprocessing = 0;
		};
		7737F2CE2E212E2900227CDC /* Frameworks */ = {
			isa = PBXFrameworksBuildPhase;
			buildActionMask = 2147483647;
			files = (
			);
			runOnlyForDeploymentPostprocessing = 0;
		};
		77602A622E28242E005CE5CB /* Frameworks */ = {
			isa = PBXFrameworksBuildPhase;
			buildActionMask = 2147483647;
			files = (
			);
			runOnlyForDeploymentPostprocessing = 0;
		};
		777C9DBF2E1D11510099EE18 /* Frameworks */ = {
			isa = PBXFrameworksBuildPhase;
			buildActionMask = 2147483647;
			files = (
			);
			runOnlyForDeploymentPostprocessing = 0;
		};
		777C9DCD2E1D1BB30099EE18 /* Frameworks */ = {
			isa = PBXFrameworksBuildPhase;
			buildActionMask = 2147483647;
			files = (
			);
			runOnlyForDeploymentPostprocessing = 0;
		};
		777C9DD82E1D1DC60099EE18 /* Frameworks */ = {
			isa = PBXFrameworksBuildPhase;
			buildActionMask = 2147483647;
			files = (
			);
			runOnlyForDeploymentPostprocessing = 0;
		};
		777C9DE32E1D1F240099EE18 /* Frameworks */ = {
			isa = PBXFrameworksBuildPhase;
			buildActionMask = 2147483647;
			files = (
			);
			runOnlyForDeploymentPostprocessing = 0;
		};
		777C9DEE2E1D22690099EE18 /* Frameworks */ = {
			isa = PBXFrameworksBuildPhase;
			buildActionMask = 2147483647;
			files = (
			);
			runOnlyForDeploymentPostprocessing = 0;
		};
		779073B12E28AC0B00D96807 /* Frameworks */ = {
			isa = PBXFrameworksBuildPhase;
			buildActionMask = 2147483647;
			files = (
			);
			runOnlyForDeploymentPostprocessing = 0;
		};
		77B1DA1B2E27CDEC005D7DB0 /* Frameworks */ = {
			isa = PBXFrameworksBuildPhase;
			buildActionMask = 2147483647;
			files = (
			);
			runOnlyForDeploymentPostprocessing = 0;
		};
		77B1DA262E27EDB6005D7DB0 /* Frameworks */ = {
			isa = PBXFrameworksBuildPhase;
			buildActionMask = 2147483647;
			files = (
			);
			runOnlyForDeploymentPostprocessing = 0;
		};
		77B1DA312E27F6B4005D7DB0 /* Frameworks */ = {
			isa = PBXFrameworksBuildPhase;
			buildActionMask = 2147483647;
			files = (
			);
			runOnlyForDeploymentPostprocessing = 0;
		};
		77B1DA3C2E27F9E7005D7DB0 /* Frameworks */ = {
			isa = PBXFrameworksBuildPhase;
			buildActionMask = 2147483647;
			files = (
			);
			runOnlyForDeploymentPostprocessing = 0;
		};
		77CC1D392E28EEDC005B4CF0 /* Frameworks */ = {
			isa = PBXFrameworksBuildPhase;
			buildActionMask = 2147483647;
			files = (
			);
			runOnlyForDeploymentPostprocessing = 0;
		};
		77CC1D442E291EFD005B4CF0 /* Frameworks */ = {
			isa = PBXFrameworksBuildPhase;
			buildActionMask = 2147483647;
			files = (
			);
			runOnlyForDeploymentPostprocessing = 0;
		};
		77CC1D4F2E293B66005B4CF0 /* Frameworks */ = {
			isa = PBXFrameworksBuildPhase;
			buildActionMask = 2147483647;
			files = (
			);
			runOnlyForDeploymentPostprocessing = 0;
		};
		77CC1D5A2E2980AD005B4CF0 /* Frameworks */ = {
			isa = PBXFrameworksBuildPhase;
			buildActionMask = 2147483647;
			files = (
			);
			runOnlyForDeploymentPostprocessing = 0;
		};
		77CC1D652E299745005B4CF0 /* Frameworks */ = {
			isa = PBXFrameworksBuildPhase;
			buildActionMask = 2147483647;
			files = (
			);
			runOnlyForDeploymentPostprocessing = 0;
		};
		77E82A352E238DC200CB53FA /* Frameworks */ = {
			isa = PBXFrameworksBuildPhase;
			buildActionMask = 2147483647;
			files = (
			);
			runOnlyForDeploymentPostprocessing = 0;
		};
		77E82A402E2393E300CB53FA /* Frameworks */ = {
			isa = PBXFrameworksBuildPhase;
			buildActionMask = 2147483647;
			files = (
			);
			runOnlyForDeploymentPostprocessing = 0;
		};
		77E82A4B2E2395A500CB53FA /* Frameworks */ = {
			isa = PBXFrameworksBuildPhase;
			buildActionMask = 2147483647;
			files = (
			);
			runOnlyForDeploymentPostprocessing = 0;
		};
		77E82A562E239F7F00CB53FA /* Frameworks */ = {
			isa = PBXFrameworksBuildPhase;
			buildActionMask = 2147483647;
			files = (
			);
			runOnlyForDeploymentPostprocessing = 0;
		};
/* End PBXFrameworksBuildPhase section */

/* Begin PBXGroup section */
		777C9DB92E1D11510099EE18 = {
			isa = PBXGroup;
			children = (
				777C9DC42E1D11510099EE18 /* Vector */,
				777C9DD12E1D1BB30099EE18 /* Roll Num and Marks */,
				777C9DDC2E1D1DC60099EE18 /* Find Largest */,
				777C9DE72E1D1F240099EE18 /* Sum Of All Elements */,
				777C9DF22E1D22690099EE18 /* Addition of two 2d array */,
				7737F2C72E20E9B900227CDC /* otate matrix 90 degrees (clockwise). */,
				7737F2D22E212E2900227CDC /* Matrix Multiplication */,
				77E82A392E238DC200CB53FA /* Wave Form */,
				77E82A442E2393E300CB53FA /* Wave Form 2 */,
				77E82A4F2E2395A500CB53FA /* wave form 3 */,
				77E82A5A2E239F7F00CB53FA /* Spiral Form */,
				77B1DA1F2E27CDEC005D7DB0 /* ---- ROUGH ---- */,
				77B1DA2A2E27EDB6005D7DB0 /* Display Middle Row and Middle Column */,
				77B1DA352E27F6B4005D7DB0 /* diagonals in a square matrix.  diagonals in a square matrix.  diagonals in a square matrix.  Diagonals in a square matrix */,
				77B1DA402E27F9E7005D7DB0 /* Rotate by 90 degrees anti-clockwise. */,
				77602A662E28242E005CE5CB /* Reverse Column Wave */,
				779073B52E28AC0B00D96807 /* Spiral Matrix Generation */,
				77CC1D3D2E28EEDC005B4CF0 /* Leetcode 118. Pascal's Triangle */,
				77CC1D482E291EFD005B4CF0 /* calculate the decimal sum of binary array */,
				77CC1D532E293B66005B4CF0 /* 861. Score After Flipping Matrix */,
				77CC1D5E2E2980AD005B4CF0 /* 240. Search a 2D Matrix II */,
				77CC1D692E299745005B4CF0 /* 119. Pascal's Triangle II */,
				777C9DC32E1D11510099EE18 /* Products */,
			);
			sourceTree = "<group>";
		};
		777C9DC32E1D11510099EE18 /* Products */ = {
			isa = PBXGroup;
			children = (
				777C9DC22E1D11510099EE18 /* Vector */,
				777C9DD02E1D1BB30099EE18 /* Roll Num and Marks */,
				777C9DDB2E1D1DC60099EE18 /* Find Largest */,
				777C9DE62E1D1F240099EE18 /* Sum Of All Elements */,
				777C9DF12E1D22690099EE18 /* Addition of two 2d array */,
				7737F2C62E20E9B900227CDC /* otate matrix 90 degrees (clockwise). */,
				7737F2D12E212E2900227CDC /* Matrix Multiplication */,
				77E82A382E238DC200CB53FA /* Wave Form */,
				77E82A432E2393E300CB53FA /* Wave Form 2 */,
				77E82A4E2E2395A500CB53FA /* wave form 3 */,
				77E82A592E239F7F00CB53FA /* Spiral Form */,
				77B1DA1E2E27CDEC005D7DB0 /* ---- ROUGH ---- */,
				77B1DA292E27EDB6005D7DB0 /* Display Middle Row and Middle Column */,
				77B1DA342E27F6B4005D7DB0 /* diagonals in a square matrix.  diagonals in a square matrix.  diagonals in a square matrix.  Diagonals in a square matrix */,
				77B1DA3F2E27F9E7005D7DB0 /* Rotate by 90 degrees anti-clockwise. */,
				77602A652E28242E005CE5CB /* Reverse Column Wave */,
				779073B42E28AC0B00D96807 /* Spiral Matrix Generation */,
				77CC1D3C2E28EEDC005B4CF0 /* Leetcode 118. Pascal's Triangle */,
				77CC1D472E291EFD005B4CF0 /* calculate the decimal sum of binary array */,
				77CC1D522E293B66005B4CF0 /* 861. Score After Flipping Matrix */,
				77CC1D5D2E2980AD005B4CF0 /* 240. Search a 2D Matrix II */,
				77CC1D682E299745005B4CF0 /* 119. Pascal's Triangle II */,
			);
			name = Products;
			sourceTree = "<group>";
		};
/* End PBXGroup section */

/* Begin PBXNativeTarget section */
		7737F2C52E20E9B900227CDC /* otate matrix 90 degrees (clockwise). */ = {
			isa = PBXNativeTarget;
			buildConfigurationList = 7737F2CC2E20E9B900227CDC /* Build configuration list for PBXNativeTarget "otate matrix 90 degrees (clockwise)." */;
			buildPhases = (
				7737F2C22E20E9B900227CDC /* Sources */,
				7737F2C32E20E9B900227CDC /* Frameworks */,
				7737F2C42E20E9B900227CDC /* CopyFiles */,
			);
			buildRules = (
			);
			dependencies = (
			);
			fileSystemSynchronizedGroups = (
				7737F2C72E20E9B900227CDC /* otate matrix 90 degrees (clockwise). */,
			);
			name = "otate matrix 90 degrees (clockwise).";
			packageProductDependencies = (
			);
			productName = "otate matrix 90 degrees (clockwise).";
			productReference = 7737F2C62E20E9B900227CDC /* otate matrix 90 degrees (clockwise). */;
			productType = "com.apple.product-type.tool";
		};
		7737F2D02E212E2900227CDC /* Matrix Multiplication */ = {
			isa = PBXNativeTarget;
			buildConfigurationList = 7737F2D52E212E2900227CDC /* Build configuration list for PBXNativeTarget "Matrix Multiplication" */;
			buildPhases = (
				7737F2CD2E212E2900227CDC /* Sources */,
				7737F2CE2E212E2900227CDC /* Frameworks */,
				7737F2CF2E212E2900227CDC /* CopyFiles */,
			);
			buildRules = (
			);
			dependencies = (
			);
			fileSystemSynchronizedGroups = (
				7737F2D22E212E2900227CDC /* Matrix Multiplication */,
			);
			name = "Matrix Multiplication";
			packageProductDependencies = (
			);
			productName = "Matrix Multiplication";
			productReference = 7737F2D12E212E2900227CDC /* Matrix Multiplication */;
			productType = "com.apple.product-type.tool";
		};
		77602A642E28242E005CE5CB /* Reverse Column Wave */ = {
			isa = PBXNativeTarget;
			buildConfigurationList = 77602A6B2E28242E005CE5CB /* Build configuration list for PBXNativeTarget "Reverse Column Wave" */;
			buildPhases = (
				77602A612E28242E005CE5CB /* Sources */,
				77602A622E28242E005CE5CB /* Frameworks */,
				77602A632E28242E005CE5CB /* CopyFiles */,
			);
			buildRules = (
			);
			dependencies = (
			);
			fileSystemSynchronizedGroups = (
				77602A662E28242E005CE5CB /* Reverse Column Wave */,
			);
			name = "Reverse Column Wave";
			packageProductDependencies = (
			);
			productName = "Reverse Column Wave";
			productReference = 77602A652E28242E005CE5CB /* Reverse Column Wave */;
			productType = "com.apple.product-type.tool";
		};
		777C9DC12E1D11510099EE18 /* Vector */ = {
			isa = PBXNativeTarget;
			buildConfigurationList = 777C9DC92E1D11510099EE18 /* Build configuration list for PBXNativeTarget "Vector" */;
			buildPhases = (
				777C9DBE2E1D11510099EE18 /* Sources */,
				777C9DBF2E1D11510099EE18 /* Frameworks */,
				777C9DC02E1D11510099EE18 /* CopyFiles */,
			);
			buildRules = (
			);
			dependencies = (
			);
			fileSystemSynchronizedGroups = (
				777C9DC42E1D11510099EE18 /* Vector */,
			);
			name = Vector;
			packageProductDependencies = (
			);
			productName = Vector;
			productReference = 777C9DC22E1D11510099EE18 /* Vector */;
			productType = "com.apple.product-type.tool";
		};
		777C9DCF2E1D1BB30099EE18 /* Roll Num and Marks */ = {
			isa = PBXNativeTarget;
			buildConfigurationList = 777C9DD42E1D1BB30099EE18 /* Build configuration list for PBXNativeTarget "Roll Num and Marks" */;
			buildPhases = (
				777C9DCC2E1D1BB30099EE18 /* Sources */,
				777C9DCD2E1D1BB30099EE18 /* Frameworks */,
				777C9DCE2E1D1BB30099EE18 /* CopyFiles */,
			);
			buildRules = (
			);
			dependencies = (
			);
			fileSystemSynchronizedGroups = (
				777C9DD12E1D1BB30099EE18 /* Roll Num and Marks */,
			);
			name = "Roll Num and Marks";
			packageProductDependencies = (
			);
			productName = "Roll Num and Marks";
			productReference = 777C9DD02E1D1BB30099EE18 /* Roll Num and Marks */;
			productType = "com.apple.product-type.tool";
		};
		777C9DDA2E1D1DC60099EE18 /* Find Largest */ = {
			isa = PBXNativeTarget;
			buildConfigurationList = 777C9DDF2E1D1DC60099EE18 /* Build configuration list for PBXNativeTarget "Find Largest" */;
			buildPhases = (
				777C9DD72E1D1DC60099EE18 /* Sources */,
				777C9DD82E1D1DC60099EE18 /* Frameworks */,
				777C9DD92E1D1DC60099EE18 /* CopyFiles */,
			);
			buildRules = (
			);
			dependencies = (
			);
			fileSystemSynchronizedGroups = (
				777C9DDC2E1D1DC60099EE18 /* Find Largest */,
			);
			name = "Find Largest";
			packageProductDependencies = (
			);
			productName = "Find Largest";
			productReference = 777C9DDB2E1D1DC60099EE18 /* Find Largest */;
			productType = "com.apple.product-type.tool";
		};
		777C9DE52E1D1F240099EE18 /* Sum Of All Elements */ = {
			isa = PBXNativeTarget;
			buildConfigurationList = 777C9DEA2E1D1F240099EE18 /* Build configuration list for PBXNativeTarget "Sum Of All Elements" */;
			buildPhases = (
				777C9DE22E1D1F240099EE18 /* Sources */,
				777C9DE32E1D1F240099EE18 /* Frameworks */,
				777C9DE42E1D1F240099EE18 /* CopyFiles */,
			);
			buildRules = (
			);
			dependencies = (
			);
			fileSystemSynchronizedGroups = (
				777C9DE72E1D1F240099EE18 /* Sum Of All Elements */,
			);
			name = "Sum Of All Elements";
			packageProductDependencies = (
			);
			productName = "Sum Of All Elements";
			productReference = 777C9DE62E1D1F240099EE18 /* Sum Of All Elements */;
			productType = "com.apple.product-type.tool";
		};
		777C9DF02E1D22690099EE18 /* Addition of two 2d array */ = {
			isa = PBXNativeTarget;
			buildConfigurationList = 777C9DF52E1D22690099EE18 /* Build configuration list for PBXNativeTarget "Addition of two 2d array" */;
			buildPhases = (
				777C9DED2E1D22690099EE18 /* Sources */,
				777C9DEE2E1D22690099EE18 /* Frameworks */,
				777C9DEF2E1D22690099EE18 /* CopyFiles */,
			);
			buildRules = (
			);
			dependencies = (
			);
			fileSystemSynchronizedGroups = (
				777C9DF22E1D22690099EE18 /* Addition of two 2d array */,
			);
			name = "Addition of two 2d array";
			packageProductDependencies = (
			);
			productName = "Addition of two 2d array";
			productReference = 777C9DF12E1D22690099EE18 /* Addition of two 2d array */;
			productType = "com.apple.product-type.tool";
		};
		779073B32E28AC0B00D96807 /* Spiral Matrix Generation */ = {
			isa = PBXNativeTarget;
			buildConfigurationList = 779073BA2E28AC0B00D96807 /* Build configuration list for PBXNativeTarget "Spiral Matrix Generation" */;
			buildPhases = (
				779073B02E28AC0B00D96807 /* Sources */,
				779073B12E28AC0B00D96807 /* Frameworks */,
				779073B22E28AC0B00D96807 /* CopyFiles */,
			);
			buildRules = (
			);
			dependencies = (
			);
			fileSystemSynchronizedGroups = (
				779073B52E28AC0B00D96807 /* Spiral Matrix Generation */,
			);
			name = "Spiral Matrix Generation";
			packageProductDependencies = (
			);
			productName = "Spiral Matrix Generation";
			productReference = 779073B42E28AC0B00D96807 /* Spiral Matrix Generation */;
			productType = "com.apple.product-type.tool";
		};
		77B1DA1D2E27CDEC005D7DB0 /* ---- ROUGH ---- */ = {
			isa = PBXNativeTarget;
			buildConfigurationList = 77B1DA242E27CDEC005D7DB0 /* Build configuration list for PBXNativeTarget "---- ROUGH ----" */;
			buildPhases = (
				77B1DA1A2E27CDEC005D7DB0 /* Sources */,
				77B1DA1B2E27CDEC005D7DB0 /* Frameworks */,
				77B1DA1C2E27CDEC005D7DB0 /* CopyFiles */,
			);
			buildRules = (
			);
			dependencies = (
			);
			fileSystemSynchronizedGroups = (
				77B1DA1F2E27CDEC005D7DB0 /* ---- ROUGH ---- */,
			);
			name = "---- ROUGH ----";
			packageProductDependencies = (
			);
			productName = "---- ROUGH ----";
			productReference = 77B1DA1E2E27CDEC005D7DB0 /* ---- ROUGH ---- */;
			productType = "com.apple.product-type.tool";
		};
		77B1DA282E27EDB6005D7DB0 /* Display Middle Row and Middle Column */ = {
			isa = PBXNativeTarget;
			buildConfigurationList = 77B1DA2D2E27EDB6005D7DB0 /* Build configuration list for PBXNativeTarget "Display Middle Row and Middle Column" */;
			buildPhases = (
				77B1DA252E27EDB6005D7DB0 /* Sources */,
				77B1DA262E27EDB6005D7DB0 /* Frameworks */,
				77B1DA272E27EDB6005D7DB0 /* CopyFiles */,
			);
			buildRules = (
			);
			dependencies = (
			);
			fileSystemSynchronizedGroups = (
				77B1DA2A2E27EDB6005D7DB0 /* Display Middle Row and Middle Column */,
			);
			name = "Display Middle Row and Middle Column";
			packageProductDependencies = (
			);
			productName = "Display Middle Row and Middle Column";
			productReference = 77B1DA292E27EDB6005D7DB0 /* Display Middle Row and Middle Column */;
			productType = "com.apple.product-type.tool";
		};
		77B1DA332E27F6B4005D7DB0 /* diagonals in a square matrix.  diagonals in a square matrix.  diagonals in a square matrix.  Diagonals in a square matrix */ = {
			isa = PBXNativeTarget;
			buildConfigurationList = 77B1DA382E27F6B4005D7DB0 /* Build configuration list for PBXNativeTarget "diagonals in a square matrix.  diagonals in a square matrix.  diagonals in a square matrix.  Diagonals in a square matrix" */;
			buildPhases = (
				77B1DA302E27F6B4005D7DB0 /* Sources */,
				77B1DA312E27F6B4005D7DB0 /* Frameworks */,
				77B1DA322E27F6B4005D7DB0 /* CopyFiles */,
			);
			buildRules = (
			);
			dependencies = (
			);
			fileSystemSynchronizedGroups = (
				77B1DA352E27F6B4005D7DB0 /* diagonals in a square matrix.  diagonals in a square matrix.  diagonals in a square matrix.  Diagonals in a square matrix */,
			);
			name = "diagonals in a square matrix.  diagonals in a square matrix.  diagonals in a square matrix.  Diagonals in a square matrix";
			packageProductDependencies = (
			);
			productName = "diagonals in a square matrix.  diagonals in a square matrix.  diagonals in a square matrix.  Diagonals in a square matrix";
			productReference = 77B1DA342E27F6B4005D7DB0 /* diagonals in a square matrix.  diagonals in a square matrix.  diagonals in a square matrix.  Diagonals in a square matrix */;
			productType = "com.apple.product-type.tool";
		};
		77B1DA3E2E27F9E7005D7DB0 /* Rotate by 90 degrees anti-clockwise. */ = {
			isa = PBXNativeTarget;
			buildConfigurationList = 77B1DA432E27F9E7005D7DB0 /* Build configuration list for PBXNativeTarget "Rotate by 90 degrees anti-clockwise." */;
			buildPhases = (
				77B1DA3B2E27F9E7005D7DB0 /* Sources */,
				77B1DA3C2E27F9E7005D7DB0 /* Frameworks */,
				77B1DA3D2E27F9E7005D7DB0 /* CopyFiles */,
			);
			buildRules = (
			);
			dependencies = (
			);
			fileSystemSynchronizedGroups = (
				77B1DA402E27F9E7005D7DB0 /* Rotate by 90 degrees anti-clockwise. */,
			);
			name = "Rotate by 90 degrees anti-clockwise.";
			packageProductDependencies = (
			);
			productName = "Rotate by 90 degrees anti-clockwise.";
			productReference = 77B1DA3F2E27F9E7005D7DB0 /* Rotate by 90 degrees anti-clockwise. */;
			productType = "com.apple.product-type.tool";
		};
		77CC1D3B2E28EEDC005B4CF0 /* Leetcode 118. Pascal's Triangle */ = {
			isa = PBXNativeTarget;
			buildConfigurationList = 77CC1D422E28EEDC005B4CF0 /* Build configuration list for PBXNativeTarget "Leetcode 118. Pascal's Triangle" */;
			buildPhases = (
				77CC1D382E28EEDC005B4CF0 /* Sources */,
				77CC1D392E28EEDC005B4CF0 /* Frameworks */,
				77CC1D3A2E28EEDC005B4CF0 /* CopyFiles */,
			);
			buildRules = (
			);
			dependencies = (
			);
			fileSystemSynchronizedGroups = (
				77CC1D3D2E28EEDC005B4CF0 /* Leetcode 118. Pascal's Triangle */,
			);
			name = "Leetcode 118. Pascal's Triangle";
			packageProductDependencies = (
			);
			productName = "Leetcode 118. Pascal's Triangle";
			productReference = 77CC1D3C2E28EEDC005B4CF0 /* Leetcode 118. Pascal's Triangle */;
			productType = "com.apple.product-type.tool";
		};
		77CC1D462E291EFD005B4CF0 /* calculate the decimal sum of binary array */ = {
			isa = PBXNativeTarget;
			buildConfigurationList = 77CC1D4B2E291EFD005B4CF0 /* Build configuration list for PBXNativeTarget "calculate the decimal sum of binary array" */;
			buildPhases = (
				77CC1D432E291EFD005B4CF0 /* Sources */,
				77CC1D442E291EFD005B4CF0 /* Frameworks */,
				77CC1D452E291EFD005B4CF0 /* CopyFiles */,
			);
			buildRules = (
			);
			dependencies = (
			);
			fileSystemSynchronizedGroups = (
				77CC1D482E291EFD005B4CF0 /* calculate the decimal sum of binary array */,
			);
			name = "calculate the decimal sum of binary array";
			packageProductDependencies = (
			);
			productName = "calculate the decimal sum of binary array";
			productReference = 77CC1D472E291EFD005B4CF0 /* calculate the decimal sum of binary array */;
			productType = "com.apple.product-type.tool";
		};
		77CC1D512E293B66005B4CF0 /* 861. Score After Flipping Matrix */ = {
			isa = PBXNativeTarget;
			buildConfigurationList = 77CC1D562E293B66005B4CF0 /* Build configuration list for PBXNativeTarget "861. Score After Flipping Matrix" */;
			buildPhases = (
				77CC1D4E2E293B66005B4CF0 /* Sources */,
				77CC1D4F2E293B66005B4CF0 /* Frameworks */,
				77CC1D502E293B66005B4CF0 /* CopyFiles */,
			);
			buildRules = (
			);
			dependencies = (
			);
			fileSystemSynchronizedGroups = (
				77CC1D532E293B66005B4CF0 /* 861. Score After Flipping Matrix */,
			);
			name = "861. Score After Flipping Matrix";
			packageProductDependencies = (
			);
			productName = "861. Score After Flipping Matrix";
			productReference = 77CC1D522E293B66005B4CF0 /* 861. Score After Flipping Matrix */;
			productType = "com.apple.product-type.tool";
		};
		77CC1D5C2E2980AD005B4CF0 /* 240. Search a 2D Matrix II */ = {
			isa = PBXNativeTarget;
			buildConfigurationList = 77CC1D612E2980AD005B4CF0 /* Build configuration list for PBXNativeTarget "240. Search a 2D Matrix II" */;
			buildPhases = (
				77CC1D592E2980AD005B4CF0 /* Sources */,
				77CC1D5A2E2980AD005B4CF0 /* Frameworks */,
				77CC1D5B2E2980AD005B4CF0 /* CopyFiles */,
			);
			buildRules = (
			);
			dependencies = (
			);
			fileSystemSynchronizedGroups = (
				77CC1D5E2E2980AD005B4CF0 /* 240. Search a 2D Matrix II */,
			);
			name = "240. Search a 2D Matrix II";
			packageProductDependencies = (
			);
			productName = "240. Search a 2D Matrix II";
			productReference = 77CC1D5D2E2980AD005B4CF0 /* 240. Search a 2D Matrix II */;
			productType = "com.apple.product-type.tool";
		};
		77CC1D672E299745005B4CF0 /* 119. Pascal's Triangle II */ = {
			isa = PBXNativeTarget;
			buildConfigurationList = 77CC1D6C2E299745005B4CF0 /* Build configuration list for PBXNativeTarget "119. Pascal's Triangle II" */;
			buildPhases = (
				77CC1D642E299745005B4CF0 /* Sources */,
				77CC1D652E299745005B4CF0 /* Frameworks */,
				77CC1D662E299745005B4CF0 /* CopyFiles */,
			);
			buildRules = (
			);
			dependencies = (
			);
			fileSystemSynchronizedGroups = (
				77CC1D692E299745005B4CF0 /* 119. Pascal's Triangle II */,
			);
			name = "119. Pascal's Triangle II";
			packageProductDependencies = (
			);
			productName = "119. Pascal's Triangle II";
			productReference = 77CC1D682E299745005B4CF0 /* 119. Pascal's Triangle II */;
			productType = "com.apple.product-type.tool";
		};
		77E82A372E238DC200CB53FA /* Wave Form */ = {
			isa = PBXNativeTarget;
			buildConfigurationList = 77E82A3E2E238DC200CB53FA /* Build configuration list for PBXNativeTarget "Wave Form" */;
			buildPhases = (
				77E82A342E238DC200CB53FA /* Sources */,
				77E82A352E238DC200CB53FA /* Frameworks */,
				77E82A362E238DC200CB53FA /* CopyFiles */,
			);
			buildRules = (
			);
			dependencies = (
			);
			fileSystemSynchronizedGroups = (
				77E82A392E238DC200CB53FA /* Wave Form */,
			);
			name = "Wave Form";
			packageProductDependencies = (
			);
			productName = "Wave Form";
			productReference = 77E82A382E238DC200CB53FA /* Wave Form */;
			productType = "com.apple.product-type.tool";
		};
		77E82A422E2393E300CB53FA /* Wave Form 2 */ = {
			isa = PBXNativeTarget;
			buildConfigurationList = 77E82A472E2393E300CB53FA /* Build configuration list for PBXNativeTarget "Wave Form 2" */;
			buildPhases = (
				77E82A3F2E2393E300CB53FA /* Sources */,
				77E82A402E2393E300CB53FA /* Frameworks */,
				77E82A412E2393E300CB53FA /* CopyFiles */,
			);
			buildRules = (
			);
			dependencies = (
			);
			fileSystemSynchronizedGroups = (
				77E82A442E2393E300CB53FA /* Wave Form 2 */,
			);
			name = "Wave Form 2";
			packageProductDependencies = (
			);
			productName = "Wave Form 2";
			productReference = 77E82A432E2393E300CB53FA /* Wave Form 2 */;
			productType = "com.apple.product-type.tool";
		};
		77E82A4D2E2395A500CB53FA /* wave form 3 */ = {
			isa = PBXNativeTarget;
			buildConfigurationList = 77E82A522E2395A500CB53FA /* Build configuration list for PBXNativeTarget "wave form 3" */;
			buildPhases = (
				77E82A4A2E2395A500CB53FA /* Sources */,
				77E82A4B2E2395A500CB53FA /* Frameworks */,
				77E82A4C2E2395A500CB53FA /* CopyFiles */,
			);
			buildRules = (
			);
			dependencies = (
			);
			fileSystemSynchronizedGroups = (
				77E82A4F2E2395A500CB53FA /* wave form 3 */,
			);
			name = "wave form 3";
			packageProductDependencies = (
			);
			productName = "wave form 3";
			productReference = 77E82A4E2E2395A500CB53FA /* wave form 3 */;
			productType = "com.apple.product-type.tool";
		};
		77E82A582E239F7F00CB53FA /* Spiral Form */ = {
			isa = PBXNativeTarget;
			buildConfigurationList = 77E82A5D2E239F7F00CB53FA /* Build configuration list for PBXNativeTarget "Spiral Form" */;
			buildPhases = (
				77E82A552E239F7F00CB53FA /* Sources */,
				77E82A562E239F7F00CB53FA /* Frameworks */,
				77E82A572E239F7F00CB53FA /* CopyFiles */,
			);
			buildRules = (
			);
			dependencies = (
			);
			fileSystemSynchronizedGroups = (
				77E82A5A2E239F7F00CB53FA /* Spiral Form */,
			);
			name = "Spiral Form";
			packageProductDependencies = (
			);
			productName = "Spiral Form";
			productReference = 77E82A592E239F7F00CB53FA /* Spiral Form */;
			productType = "com.apple.product-type.tool";
		};
/* End PBXNativeTarget section */

/* Begin PBXProject section */
		777C9DBA2E1D11510099EE18 /* Project object */ = {
			isa = PBXProject;
			attributes = {
				BuildIndependentTargetsInParallel = 1;
				LastUpgradeCheck = 1600;
				TargetAttributes = {
					7737F2C52E20E9B900227CDC = {
						CreatedOnToolsVersion = 16.0;
					};
					7737F2D02E212E2900227CDC = {
						CreatedOnToolsVersion = 16.0;
					};
					77602A642E28242E005CE5CB = {
						CreatedOnToolsVersion = 16.0;
					};
					777C9DC12E1D11510099EE18 = {
						CreatedOnToolsVersion = 16.0;
					};
					777C9DCF2E1D1BB30099EE18 = {
						CreatedOnToolsVersion = 16.0;
					};
					777C9DDA2E1D1DC60099EE18 = {
						CreatedOnToolsVersion = 16.0;
					};
					777C9DE52E1D1F240099EE18 = {
						CreatedOnToolsVersion = 16.0;
					};
					777C9DF02E1D22690099EE18 = {
						CreatedOnToolsVersion = 16.0;
					};
					779073B32E28AC0B00D96807 = {
						CreatedOnToolsVersion = 16.0;
					};
					77B1DA1D2E27CDEC005D7DB0 = {
						CreatedOnToolsVersion = 16.0;
					};
					77B1DA282E27EDB6005D7DB0 = {
						CreatedOnToolsVersion = 16.0;
					};
					77B1DA332E27F6B4005D7DB0 = {
						CreatedOnToolsVersion = 16.0;
					};
					77B1DA3E2E27F9E7005D7DB0 = {
						CreatedOnToolsVersion = 16.0;
					};
					77CC1D3B2E28EEDC005B4CF0 = {
						CreatedOnToolsVersion = 16.0;
					};
					77CC1D462E291EFD005B4CF0 = {
						CreatedOnToolsVersion = 16.0;
					};
					77CC1D512E293B66005B4CF0 = {
						CreatedOnToolsVersion = 16.0;
					};
					77CC1D5C2E2980AD005B4CF0 = {
						CreatedOnToolsVersion = 16.0;
					};
					77CC1D672E299745005B4CF0 = {
						CreatedOnToolsVersion = 16.0;
					};
					77E82A372E238DC200CB53FA = {
						CreatedOnToolsVersion = 16.0;
					};
					77E82A422E2393E300CB53FA = {
						CreatedOnToolsVersion = 16.0;
					};
					77E82A4D2E2395A500CB53FA = {
						CreatedOnToolsVersion = 16.0;
					};
					77E82A582E239F7F00CB53FA = {
						CreatedOnToolsVersion = 16.0;
					};
				};
			};
			buildConfigurationList = 777C9DBD2E1D11510099EE18 /* Build configuration list for PBXProject "Vector" */;
			developmentRegion = en;
			hasScannedForEncodings = 0;
			knownRegions = (
				en,
				Base,
			);
			mainGroup = 777C9DB92E1D11510099EE18;
			minimizedProjectReferenceProxies = 1;
			preferredProjectObjectVersion = 77;
			productRefGroup = 777C9DC32E1D11510099EE18 /* Products */;
			projectDirPath = "";
			projectRoot = "";
			targets = (
				777C9DC12E1D11510099EE18 /* Vector */,
				777C9DCF2E1D1BB30099EE18 /* Roll Num and Marks */,
				777C9DDA2E1D1DC60099EE18 /* Find Largest */,
				777C9DE52E1D1F240099EE18 /* Sum Of All Elements */,
				777C9DF02E1D22690099EE18 /* Addition of two 2d array */,
				7737F2C52E20E9B900227CDC /* otate matrix 90 degrees (clockwise). */,
				7737F2D02E212E2900227CDC /* Matrix Multiplication */,
				77E82A372E238DC200CB53FA /* Wave Form */,
				77E82A422E2393E300CB53FA /* Wave Form 2 */,
				77E82A4D2E2395A500CB53FA /* wave form 3 */,
				77E82A582E239F7F00CB53FA /* Spiral Form */,
				77B1DA1D2E27CDEC005D7DB0 /* ---- ROUGH ---- */,
				77B1DA282E27EDB6005D7DB0 /* Display Middle Row and Middle Column */,
				77B1DA332E27F6B4005D7DB0 /* diagonals in a square matrix.  diagonals in a square matrix.  diagonals in a square matrix.  Diagonals in a square matrix */,
				77B1DA3E2E27F9E7005D7DB0 /* Rotate by 90 degrees anti-clockwise. */,
				77602A642E28242E005CE5CB /* Reverse Column Wave */,
				779073B32E28AC0B00D96807 /* Spiral Matrix Generation */,
				77CC1D3B2E28EEDC005B4CF0 /* Leetcode 118. Pascal's Triangle */,
				77CC1D462E291EFD005B4CF0 /* calculate the decimal sum of binary array */,
				77CC1D512E293B66005B4CF0 /* 861. Score After Flipping Matrix */,
				77CC1D5C2E2980AD005B4CF0 /* 240. Search a 2D Matrix II */,
				77CC1D672E299745005B4CF0 /* 119. Pascal's Triangle II */,
			);
		};
/* End PBXProject section */

/* Begin PBXSourcesBuildPhase section */
		7737F2C22E20E9B900227CDC /* Sources */ = {
			isa = PBXSourcesBuildPhase;
			buildActionMask = 2147483647;
			files = (
			);
			runOnlyForDeploymentPostprocessing = 0;
		};
		7737F2CD2E212E2900227CDC /* Sources */ = {
			isa = PBXSourcesBuildPhase;
			buildActionMask = 2147483647;
			files = (
			);
			runOnlyForDeploymentPostprocessing = 0;
		};
		77602A612E28242E005CE5CB /* Sources */ = {
			isa = PBXSourcesBuildPhase;
			buildActionMask = 2147483647;
			files = (
			);
			runOnlyForDeploymentPostprocessing = 0;
		};
		777C9DBE2E1D11510099EE18 /* Sources */ = {
			isa = PBXSourcesBuildPhase;
			buildActionMask = 2147483647;
			files = (
			);
			runOnlyForDeploymentPostprocessing = 0;
		};
		777C9DCC2E1D1BB30099EE18 /* Sources */ = {
			isa = PBXSourcesBuildPhase;
			buildActionMask = 2147483647;
			files = (
			);
			runOnlyForDeploymentPostprocessing = 0;
		};
		777C9DD72E1D1DC60099EE18 /* Sources */ = {
			isa = PBXSourcesBuildPhase;
			buildActionMask = 2147483647;
			files = (
			);
			runOnlyForDeploymentPostprocessing = 0;
		};
		777C9DE22E1D1F240099EE18 /* Sources */ = {
			isa = PBXSourcesBuildPhase;
			buildActionMask = 2147483647;
			files = (
			);
			runOnlyForDeploymentPostprocessing = 0;
		};
		777C9DED2E1D22690099EE18 /* Sources */ = {
			isa = PBXSourcesBuildPhase;
			buildActionMask = 2147483647;
			files = (
			);
			runOnlyForDeploymentPostprocessing = 0;
		};
		779073B02E28AC0B00D96807 /* Sources */ = {
			isa = PBXSourcesBuildPhase;
			buildActionMask = 2147483647;
			files = (
			);
			runOnlyForDeploymentPostprocessing = 0;
		};
		77B1DA1A2E27CDEC005D7DB0 /* Sources */ = {
			isa = PBXSourcesBuildPhase;
			buildActionMask = 2147483647;
			files = (
			);
			runOnlyForDeploymentPostprocessing = 0;
		};
		77B1DA252E27EDB6005D7DB0 /* Sources */ = {
			isa = PBXSourcesBuildPhase;
			buildActionMask = 2147483647;
			files = (
			);
			runOnlyForDeploymentPostprocessing = 0;
		};
		77B1DA302E27F6B4005D7DB0 /* Sources */ = {
			isa = PBXSourcesBuildPhase;
			buildActionMask = 2147483647;
			files = (
			);
			runOnlyForDeploymentPostprocessing = 0;
		};
		77B1DA3B2E27F9E7005D7DB0 /* Sources */ = {
			isa = PBXSourcesBuildPhase;
			buildActionMask = 2147483647;
			files = (
			);
			runOnlyForDeploymentPostprocessing = 0;
		};
		77CC1D382E28EEDC005B4CF0 /* Sources */ = {
			isa = PBXSourcesBuildPhase;
			buildActionMask = 2147483647;
			files = (
			);
			runOnlyForDeploymentPostprocessing = 0;
		};
		77CC1D432E291EFD005B4CF0 /* Sources */ = {
			isa = PBXSourcesBuildPhase;
			buildActionMask = 2147483647;
			files = (
			);
			runOnlyForDeploymentPostprocessing = 0;
		};
		77CC1D4E2E293B66005B4CF0 /* Sources */ = {
			isa = PBXSourcesBuildPhase;
			buildActionMask = 2147483647;
			files = (
			);
			runOnlyForDeploymentPostprocessing = 0;
		};
		77CC1D592E2980AD005B4CF0 /* Sources */ = {
			isa = PBXSourcesBuildPhase;
			buildActionMask = 2147483647;
			files = (
			);
			runOnlyForDeploymentPostprocessing = 0;
		};
		77CC1D642E299745005B4CF0 /* Sources */ = {
			isa = PBXSourcesBuildPhase;
			buildActionMask = 2147483647;
			files = (
			);
			runOnlyForDeploymentPostprocessing = 0;
		};
		77E82A342E238DC200CB53FA /* Sources */ = {
			isa = PBXSourcesBuildPhase;
			buildActionMask = 2147483647;
			files = (
			);
			runOnlyForDeploymentPostprocessing = 0;
		};
		77E82A3F2E2393E300CB53FA /* Sources */ = {
			isa = PBXSourcesBuildPhase;
			buildActionMask = 2147483647;
			files = (
			);
			runOnlyForDeploymentPostprocessing = 0;
		};
		77E82A4A2E2395A500CB53FA /* Sources */ = {
			isa = PBXSourcesBuildPhase;
			buildActionMask = 2147483647;
			files = (
			);
			runOnlyForDeploymentPostprocessing = 0;
		};
		77E82A552E239F7F00CB53FA /* Sources */ = {
			isa = PBXSourcesBuildPhase;
			buildActionMask = 2147483647;
			files = (
			);
			runOnlyForDeploymentPostprocessing = 0;
		};
/* End PBXSourcesBuildPhase section */

/* Begin XCBuildConfiguration section */
		7737F2CA2E20E9B900227CDC /* Debug */ = {
			isa = XCBuildConfiguration;
			buildSettings = {
				CODE_SIGN_STYLE = Automatic;
				PRODUCT_NAME = "$(TARGET_NAME)";
			};
			name = Debug;
		};
		7737F2CB2E20E9B900227CDC /* Release */ = {
			isa = XCBuildConfiguration;
			buildSettings = {
				CODE_SIGN_STYLE = Automatic;
				PRODUCT_NAME = "$(TARGET_NAME)";
			};
			name = Release;
		};
		7737F2D62E212E2900227CDC /* Debug */ = {
			isa = XCBuildConfiguration;
			buildSettings = {
				CODE_SIGN_STYLE = Automatic;
				PRODUCT_NAME = "$(TARGET_NAME)";
			};
			name = Debug;
		};
		7737F2D72E212E2900227CDC /* Release */ = {
			isa = XCBuildConfiguration;
			buildSettings = {
				CODE_SIGN_STYLE = Automatic;
				PRODUCT_NAME = "$(TARGET_NAME)";
			};
			name = Release;
		};
		77602A692E28242E005CE5CB /* Debug */ = {
			isa = XCBuildConfiguration;
			buildSettings = {
				CODE_SIGN_STYLE = Automatic;
				PRODUCT_NAME = "$(TARGET_NAME)";
			};
			name = Debug;
		};
		77602A6A2E28242E005CE5CB /* Release */ = {
			isa = XCBuildConfiguration;
			buildSettings = {
				CODE_SIGN_STYLE = Automatic;
				PRODUCT_NAME = "$(TARGET_NAME)";
			};
			name = Release;
		};
		777C9DC72E1D11510099EE18 /* Debug */ = {
			isa = XCBuildConfiguration;
			buildSettings = {
				ALWAYS_SEARCH_USER_PATHS = NO;
				ASSETCATALOG_COMPILER_GENERATE_SWIFT_ASSET_SYMBOL_EXTENSIONS = YES;
				CLANG_ANALYZER_NONNULL = YES;
				CLANG_ANALYZER_NUMBER_OBJECT_CONVERSION = YES_AGGRESSIVE;
				CLANG_CXX_LANGUAGE_STANDARD = "gnu++20";
				CLANG_ENABLE_MODULES = YES;
				CLANG_ENABLE_OBJC_ARC = YES;
				CLANG_ENABLE_OBJC_WEAK = YES;
				CLANG_WARN_BLOCK_CAPTURE_AUTORELEASING = YES;
				CLANG_WARN_BOOL_CONVERSION = YES;
				CLANG_WARN_COMMA = YES;
				CLANG_WARN_CONSTANT_CONVERSION = YES;
				CLANG_WARN_DEPRECATED_OBJC_IMPLEMENTATIONS = YES;
				CLANG_WARN_DIRECT_OBJC_ISA_USAGE = YES_ERROR;
				CLANG_WARN_DOCUMENTATION_COMMENTS = YES;
				CLANG_WARN_EMPTY_BODY = YES;
				CLANG_WARN_ENUM_CONVERSION = YES;
				CLANG_WARN_INFINITE_RECURSION = YES;
				CLANG_WARN_INT_CONVERSION = YES;
				CLANG_WARN_NON_LITERAL_NULL_CONVERSION = YES;
				CLANG_WARN_OBJC_IMPLICIT_RETAIN_SELF = YES;
				CLANG_WARN_OBJC_LITERAL_CONVERSION = YES;
				CLANG_WARN_OBJC_ROOT_CLASS = YES_ERROR;
				CLANG_WARN_QUOTED_INCLUDE_IN_FRAMEWORK_HEADER = YES;
				CLANG_WARN_RANGE_LOOP_ANALYSIS = YES;
				CLANG_WARN_STRICT_PROTOTYPES = YES;
				CLANG_WARN_SUSPICIOUS_MOVE = YES;
				CLANG_WARN_UNGUARDED_AVAILABILITY = YES_AGGRESSIVE;
				CLANG_WARN_UNREACHABLE_CODE = YES;
				CLANG_WARN__DUPLICATE_METHOD_MATCH = YES;
				COPY_PHASE_STRIP = NO;
				DEBUG_INFORMATION_FORMAT = dwarf;
				ENABLE_STRICT_OBJC_MSGSEND = YES;
				ENABLE_TESTABILITY = YES;
				ENABLE_USER_SCRIPT_SANDBOXING = YES;
				GCC_C_LANGUAGE_STANDARD = gnu17;
				GCC_DYNAMIC_NO_PIC = NO;
				GCC_NO_COMMON_BLOCKS = YES;
				GCC_OPTIMIZATION_LEVEL = 0;
				GCC_PREPROCESSOR_DEFINITIONS = (
					"DEBUG=1",
					"$(inherited)",
				);
				GCC_WARN_64_TO_32_BIT_CONVERSION = YES;
				GCC_WARN_ABOUT_RETURN_TYPE = YES_ERROR;
				GCC_WARN_UNDECLARED_SELECTOR = YES;
				GCC_WARN_UNINITIALIZED_AUTOS = YES_AGGRESSIVE;
				GCC_WARN_UNUSED_FUNCTION = YES;
				GCC_WARN_UNUSED_VARIABLE = YES;
				LOCALIZATION_PREFERS_STRING_CATALOGS = YES;
				MACOSX_DEPLOYMENT_TARGET = 15.0;
				MTL_ENABLE_DEBUG_INFO = INCLUDE_SOURCE;
				MTL_FAST_MATH = YES;
				ONLY_ACTIVE_ARCH = YES;
				SDKROOT = macosx;
			};
			name = Debug;
		};
		777C9DC82E1D11510099EE18 /* Release */ = {
			isa = XCBuildConfiguration;
			buildSettings = {
				ALWAYS_SEARCH_USER_PATHS = NO;
				ASSETCATALOG_COMPILER_GENERATE_SWIFT_ASSET_SYMBOL_EXTENSIONS = YES;
				CLANG_ANALYZER_NONNULL = YES;
				CLANG_ANALYZER_NUMBER_OBJECT_CONVERSION = YES_AGGRESSIVE;
				CLANG_CXX_LANGUAGE_STANDARD = "gnu++20";
				CLANG_ENABLE_MODULES = YES;
				CLANG_ENABLE_OBJC_ARC = YES;
				CLANG_ENABLE_OBJC_WEAK = YES;
				CLANG_WARN_BLOCK_CAPTURE_AUTORELEASING = YES;
				CLANG_WARN_BOOL_CONVERSION = YES;
				CLANG_WARN_COMMA = YES;
				CLANG_WARN_CONSTANT_CONVERSION = YES;
				CLANG_WARN_DEPRECATED_OBJC_IMPLEMENTATIONS = YES;
				CLANG_WARN_DIRECT_OBJC_ISA_USAGE = YES_ERROR;
				CLANG_WARN_DOCUMENTATION_COMMENTS = YES;
				CLANG_WARN_EMPTY_BODY = YES;
				CLANG_WARN_ENUM_CONVERSION = YES;
				CLANG_WARN_INFINITE_RECURSION = YES;
				CLANG_WARN_INT_CONVERSION = YES;
				CLANG_WARN_NON_LITERAL_NULL_CONVERSION = YES;
				CLANG_WARN_OBJC_IMPLICIT_RETAIN_SELF = YES;
				CLANG_WARN_OBJC_LITERAL_CONVERSION = YES;
				CLANG_WARN_OBJC_ROOT_CLASS = YES_ERROR;
				CLANG_WARN_QUOTED_INCLUDE_IN_FRAMEWORK_HEADER = YES;
				CLANG_WARN_RANGE_LOOP_ANALYSIS = YES;
				CLANG_WARN_STRICT_PROTOTYPES = YES;
				CLANG_WARN_SUSPICIOUS_MOVE = YES;
				CLANG_WARN_UNGUARDED_AVAILABILITY = YES_AGGRESSIVE;
				CLANG_WARN_UNREACHABLE_CODE = YES;
				CLANG_WARN__DUPLICATE_METHOD_MATCH = YES;
				COPY_PHASE_STRIP = NO;
				DEBUG_INFORMATION_FORMAT = "dwarf-with-dsym";
				ENABLE_NS_ASSERTIONS = NO;
				ENABLE_STRICT_OBJC_MSGSEND = YES;
				ENABLE_USER_SCRIPT_SANDBOXING = YES;
				GCC_C_LANGUAGE_STANDARD = gnu17;
				GCC_NO_COMMON_BLOCKS = YES;
				GCC_WARN_64_TO_32_BIT_CONVERSION = YES;
				GCC_WARN_ABOUT_RETURN_TYPE = YES_ERROR;
				GCC_WARN_UNDECLARED_SELECTOR = YES;
				GCC_WARN_UNINITIALIZED_AUTOS = YES_AGGRESSIVE;
				GCC_WARN_UNUSED_FUNCTION = YES;
				GCC_WARN_UNUSED_VARIABLE = YES;
				LOCALIZATION_PREFERS_STRING_CATALOGS = YES;
				MACOSX_DEPLOYMENT_TARGET = 15.0;
				MTL_ENABLE_DEBUG_INFO = NO;
				MTL_FAST_MATH = YES;
				SDKROOT = macosx;
			};
			name = Release;
		};
		777C9DCA2E1D11510099EE18 /* Debug */ = {
			isa = XCBuildConfiguration;
			buildSettings = {
				CODE_SIGN_STYLE = Automatic;
				PRODUCT_NAME = "$(TARGET_NAME)";
			};
			name = Debug;
		};
		777C9DCB2E1D11510099EE18 /* Release */ = {
			isa = XCBuildConfiguration;
			buildSettings = {
				CODE_SIGN_STYLE = Automatic;
				PRODUCT_NAME = "$(TARGET_NAME)";
			};
			name = Release;
		};
		777C9DD52E1D1BB30099EE18 /* Debug */ = {
			isa = XCBuildConfiguration;
			buildSettings = {
				CODE_SIGN_STYLE = Automatic;
				PRODUCT_NAME = "$(TARGET_NAME)";
			};
			name = Debug;
		};
		777C9DD62E1D1BB30099EE18 /* Release */ = {
			isa = XCBuildConfiguration;
			buildSettings = {
				CODE_SIGN_STYLE = Automatic;
				PRODUCT_NAME = "$(TARGET_NAME)";
			};
			name = Release;
		};
		777C9DE02E1D1DC60099EE18 /* Debug */ = {
			isa = XCBuildConfiguration;
			buildSettings = {
				CODE_SIGN_STYLE = Automatic;
				PRODUCT_NAME = "$(TARGET_NAME)";
			};
			name = Debug;
		};
		777C9DE12E1D1DC60099EE18 /* Release */ = {
			isa = XCBuildConfiguration;
			buildSettings = {
				CODE_SIGN_STYLE = Automatic;
				PRODUCT_NAME = "$(TARGET_NAME)";
			};
			name = Release;
		};
		777C9DEB2E1D1F240099EE18 /* Debug */ = {
			isa = XCBuildConfiguration;
			buildSettings = {
				CODE_SIGN_STYLE = Automatic;
				PRODUCT_NAME = "$(TARGET_NAME)";
			};
			name = Debug;
		};
		777C9DEC2E1D1F240099EE18 /* Release */ = {
			isa = XCBuildConfiguration;
			buildSettings = {
				CODE_SIGN_STYLE = Automatic;
				PRODUCT_NAME = "$(TARGET_NAME)";
			};
			name = Release;
		};
		777C9DF62E1D22690099EE18 /* Debug */ = {
			isa = XCBuildConfiguration;
			buildSettings = {
				CODE_SIGN_STYLE = Automatic;
				PRODUCT_NAME = "$(TARGET_NAME)";
			};
			name = Debug;
		};
		777C9DF72E1D22690099EE18 /* Release */ = {
			isa = XCBuildConfiguration;
			buildSettings = {
				CODE_SIGN_STYLE = Automatic;
				PRODUCT_NAME = "$(TARGET_NAME)";
			};
			name = Release;
		};
		779073B82E28AC0B00D96807 /* Debug */ = {
			isa = XCBuildConfiguration;
			buildSettings = {
				CODE_SIGN_STYLE = Automatic;
				PRODUCT_NAME = "$(TARGET_NAME)";
			};
			name = Debug;
		};
		779073B92E28AC0B00D96807 /* Release */ = {
			isa = XCBuildConfiguration;
			buildSettings = {
				CODE_SIGN_STYLE = Automatic;
				PRODUCT_NAME = "$(TARGET_NAME)";
			};
			name = Release;
		};
		77B1DA222E27CDEC005D7DB0 /* Debug */ = {
			isa = XCBuildConfiguration;
			buildSettings = {
				CODE_SIGN_STYLE = Automatic;
				PRODUCT_NAME = "$(TARGET_NAME)";
			};
			name = Debug;
		};
		77B1DA232E27CDEC005D7DB0 /* Release */ = {
			isa = XCBuildConfiguration;
			buildSettings = {
				CODE_SIGN_STYLE = Automatic;
				PRODUCT_NAME = "$(TARGET_NAME)";
			};
			name = Release;
		};
		77B1DA2E2E27EDB6005D7DB0 /* Debug */ = {
			isa = XCBuildConfiguration;
			buildSettings = {
				CODE_SIGN_STYLE = Automatic;
				PRODUCT_NAME = "$(TARGET_NAME)";
			};
			name = Debug;
		};
		77B1DA2F2E27EDB6005D7DB0 /* Release */ = {
			isa = XCBuildConfiguration;
			buildSettings = {
				CODE_SIGN_STYLE = Automatic;
				PRODUCT_NAME = "$(TARGET_NAME)";
			};
			name = Release;
		};
		77B1DA392E27F6B4005D7DB0 /* Debug */ = {
			isa = XCBuildConfiguration;
			buildSettings = {
				CODE_SIGN_STYLE = Automatic;
				PRODUCT_NAME = "$(TARGET_NAME)";
			};
			name = Debug;
		};
		77B1DA3A2E27F6B4005D7DB0 /* Release */ = {
			isa = XCBuildConfiguration;
			buildSettings = {
				CODE_SIGN_STYLE = Automatic;
				PRODUCT_NAME = "$(TARGET_NAME)";
			};
			name = Release;
		};
		77B1DA442E27F9E7005D7DB0 /* Debug */ = {
			isa = XCBuildConfiguration;
			buildSettings = {
				CODE_SIGN_STYLE = Automatic;
				PRODUCT_NAME = "$(TARGET_NAME)";
			};
			name = Debug;
		};
		77B1DA452E27F9E7005D7DB0 /* Release */ = {
			isa = XCBuildConfiguration;
			buildSettings = {
				CODE_SIGN_STYLE = Automatic;
				PRODUCT_NAME = "$(TARGET_NAME)";
			};
			name = Release;
		};
		77CC1D402E28EEDC005B4CF0 /* Debug */ = {
			isa = XCBuildConfiguration;
			buildSettings = {
				CODE_SIGN_STYLE = Automatic;
				PRODUCT_NAME = "$(TARGET_NAME)";
			};
			name = Debug;
		};
		77CC1D412E28EEDC005B4CF0 /* Release */ = {
			isa = XCBuildConfiguration;
			buildSettings = {
				CODE_SIGN_STYLE = Automatic;
				PRODUCT_NAME = "$(TARGET_NAME)";
			};
			name = Release;
		};
		77CC1D4C2E291EFD005B4CF0 /* Debug */ = {
			isa = XCBuildConfiguration;
			buildSettings = {
				CODE_SIGN_STYLE = Automatic;
				PRODUCT_NAME = "$(TARGET_NAME)";
			};
			name = Debug;
		};
		77CC1D4D2E291EFD005B4CF0 /* Release */ = {
			isa = XCBuildConfiguration;
			buildSettings = {
				CODE_SIGN_STYLE = Automatic;
				PRODUCT_NAME = "$(TARGET_NAME)";
			};
			name = Release;
		};
		77CC1D572E293B66005B4CF0 /* Debug */ = {
			isa = XCBuildConfiguration;
			buildSettings = {
				CODE_SIGN_STYLE = Automatic;
				PRODUCT_NAME = "$(TARGET_NAME)";
			};
			name = Debug;
		};
		77CC1D582E293B66005B4CF0 /* Release */ = {
			isa = XCBuildConfiguration;
			buildSettings = {
				CODE_SIGN_STYLE = Automatic;
				PRODUCT_NAME = "$(TARGET_NAME)";
			};
			name = Release;
		};
		77CC1D622E2980AD005B4CF0 /* Debug */ = {
			isa = XCBuildConfiguration;
			buildSettings = {
				CODE_SIGN_STYLE = Automatic;
				PRODUCT_NAME = "$(TARGET_NAME)";
			};
			name = Debug;
		};
		77CC1D632E2980AD005B4CF0 /* Release */ = {
			isa = XCBuildConfiguration;
			buildSettings = {
				CODE_SIGN_STYLE = Automatic;
				PRODUCT_NAME = "$(TARGET_NAME)";
			};
			name = Release;
		};
		77CC1D6D2E299745005B4CF0 /* Debug */ = {
			isa = XCBuildConfiguration;
			buildSettings = {
				CODE_SIGN_STYLE = Automatic;
				PRODUCT_NAME = "$(TARGET_NAME)";
			};
			name = Debug;
		};
		77CC1D6E2E299745005B4CF0 /* Release */ = {
			isa = XCBuildConfiguration;
			buildSettings = {
				CODE_SIGN_STYLE = Automatic;
				PRODUCT_NAME = "$(TARGET_NAME)";
			};
			name = Release;
		};
		77E82A3C2E238DC200CB53FA /* Debug */ = {
			isa = XCBuildConfiguration;
			buildSettings = {
				CODE_SIGN_STYLE = Automatic;
				PRODUCT_NAME = "$(TARGET_NAME)";
			};
			name = Debug;
		};
		77E82A3D2E238DC200CB53FA /* Release */ = {
			isa = XCBuildConfiguration;
			buildSettings = {
				CODE_SIGN_STYLE = Automatic;
				PRODUCT_NAME = "$(TARGET_NAME)";
			};
			name = Release;
		};
		77E82A482E2393E300CB53FA /* Debug */ = {
			isa = XCBuildConfiguration;
			buildSettings = {
				CODE_SIGN_STYLE = Automatic;
				PRODUCT_NAME = "$(TARGET_NAME)";
			};
			name = Debug;
		};
		77E82A492E2393E300CB53FA /* Release */ = {
			isa = XCBuildConfiguration;
			buildSettings = {
				CODE_SIGN_STYLE = Automatic;
				PRODUCT_NAME = "$(TARGET_NAME)";
			};
			name = Release;
		};
		77E82A532E2395A500CB53FA /* Debug */ = {
			isa = XCBuildConfiguration;
			buildSettings = {
				CODE_SIGN_STYLE = Automatic;
				PRODUCT_NAME = "$(TARGET_NAME)";
			};
			name = Debug;
		};
		77E82A542E2395A500CB53FA /* Release */ = {
			isa = XCBuildConfiguration;
			buildSettings = {
				CODE_SIGN_STYLE = Automatic;
				PRODUCT_NAME = "$(TARGET_NAME)";
			};
			name = Release;
		};
		77E82A5E2E239F7F00CB53FA /* Debug */ = {
			isa = XCBuildConfiguration;
			buildSettings = {
				CODE_SIGN_STYLE = Automatic;
				PRODUCT_NAME = "$(TARGET_NAME)";
			};
			name = Debug;
		};
		77E82A5F2E239F7F00CB53FA /* Release */ = {
			isa = XCBuildConfiguration;
			buildSettings = {
				CODE_SIGN_STYLE = Automatic;
				PRODUCT_NAME = "$(TARGET_NAME)";
			};
			name = Release;
		};
/* End XCBuildConfiguration section */

/* Begin XCConfigurationList section */
		7737F2CC2E20E9B900227CDC /* Build configuration list for PBXNativeTarget "otate matrix 90 degrees (clockwise)." */ = {
			isa = XCConfigurationList;
			buildConfigurations = (
				7737F2CA2E20E9B900227CDC /* Debug */,
				7737F2CB2E20E9B900227CDC /* Release */,
			);
			defaultConfigurationIsVisible = 0;
			defaultConfigurationName = Release;
		};
		7737F2D52E212E2900227CDC /* Build configuration list for PBXNativeTarget "Matrix Multiplication" */ = {
			isa = XCConfigurationList;
			buildConfigurations = (
				7737F2D62E212E2900227CDC /* Debug */,
				7737F2D72E212E2900227CDC /* Release */,
			);
			defaultConfigurationIsVisible = 0;
			defaultConfigurationName = Release;
		};
		77602A6B2E28242E005CE5CB /* Build configuration list for PBXNativeTarget "Reverse Column Wave" */ = {
			isa = XCConfigurationList;
			buildConfigurations = (
				77602A692E28242E005CE5CB /* Debug */,
				77602A6A2E28242E005CE5CB /* Release */,
			);
			defaultConfigurationIsVisible = 0;
			defaultConfigurationName = Release;
		};
		777C9DBD2E1D11510099EE18 /* Build configuration list for PBXProject "Vector" */ = {
			isa = XCConfigurationList;
			buildConfigurations = (
				777C9DC72E1D11510099EE18 /* Debug */,
				777C9DC82E1D11510099EE18 /* Release */,
			);
			defaultConfigurationIsVisible = 0;
			defaultConfigurationName = Release;
		};
		777C9DC92E1D11510099EE18 /* Build configuration list for PBXNativeTarget "Vector" */ = {
			isa = XCConfigurationList;
			buildConfigurations = (
				777C9DCA2E1D11510099EE18 /* Debug */,
				777C9DCB2E1D11510099EE18 /* Release */,
			);
			defaultConfigurationIsVisible = 0;
			defaultConfigurationName = Release;
		};
		777C9DD42E1D1BB30099EE18 /* Build configuration list for PBXNativeTarget "Roll Num and Marks" */ = {
			isa = XCConfigurationList;
			buildConfigurations = (
				777C9DD52E1D1BB30099EE18 /* Debug */,
				777C9DD62E1D1BB30099EE18 /* Release */,
			);
			defaultConfigurationIsVisible = 0;
			defaultConfigurationName = Release;
		};
		777C9DDF2E1D1DC60099EE18 /* Build configuration list for PBXNativeTarget "Find Largest" */ = {
			isa = XCConfigurationList;
			buildConfigurations = (
				777C9DE02E1D1DC60099EE18 /* Debug */,
				777C9DE12E1D1DC60099EE18 /* Release */,
			);
			defaultConfigurationIsVisible = 0;
			defaultConfigurationName = Release;
		};
		777C9DEA2E1D1F240099EE18 /* Build configuration list for PBXNativeTarget "Sum Of All Elements" */ = {
			isa = XCConfigurationList;
			buildConfigurations = (
				777C9DEB2E1D1F240099EE18 /* Debug */,
				777C9DEC2E1D1F240099EE18 /* Release */,
			);
			defaultConfigurationIsVisible = 0;
			defaultConfigurationName = Release;
		};
		777C9DF52E1D22690099EE18 /* Build configuration list for PBXNativeTarget "Addition of two 2d array" */ = {
			isa = XCConfigurationList;
			buildConfigurations = (
				777C9DF62E1D22690099EE18 /* Debug */,
				777C9DF72E1D22690099EE18 /* Release */,
			);
			defaultConfigurationIsVisible = 0;
			defaultConfigurationName = Release;
		};
		779073BA2E28AC0B00D96807 /* Build configuration list for PBXNativeTarget "Spiral Matrix Generation" */ = {
			isa = XCConfigurationList;
			buildConfigurations = (
				779073B82E28AC0B00D96807 /* Debug */,
				779073B92E28AC0B00D96807 /* Release */,
			);
			defaultConfigurationIsVisible = 0;
			defaultConfigurationName = Release;
		};
		77B1DA242E27CDEC005D7DB0 /* Build configuration list for PBXNativeTarget "---- ROUGH ----" */ = {
			isa = XCConfigurationList;
			buildConfigurations = (
				77B1DA222E27CDEC005D7DB0 /* Debug */,
				77B1DA232E27CDEC005D7DB0 /* Release */,
			);
			defaultConfigurationIsVisible = 0;
			defaultConfigurationName = Release;
		};
		77B1DA2D2E27EDB6005D7DB0 /* Build configuration list for PBXNativeTarget "Display Middle Row and Middle Column" */ = {
			isa = XCConfigurationList;
			buildConfigurations = (
				77B1DA2E2E27EDB6005D7DB0 /* Debug */,
				77B1DA2F2E27EDB6005D7DB0 /* Release */,
			);
			defaultConfigurationIsVisible = 0;
			defaultConfigurationName = Release;
		};
		77B1DA382E27F6B4005D7DB0 /* Build configuration list for PBXNativeTarget "diagonals in a square matrix.  diagonals in a square matrix.  diagonals in a square matrix.  Diagonals in a square matrix" */ = {
			isa = XCConfigurationList;
			buildConfigurations = (
				77B1DA392E27F6B4005D7DB0 /* Debug */,
				77B1DA3A2E27F6B4005D7DB0 /* Release */,
			);
			defaultConfigurationIsVisible = 0;
			defaultConfigurationName = Release;
		};
		77B1DA432E27F9E7005D7DB0 /* Build configuration list for PBXNativeTarget "Rotate by 90 degrees anti-clockwise." */ = {
			isa = XCConfigurationList;
			buildConfigurations = (
				77B1DA442E27F9E7005D7DB0 /* Debug */,
				77B1DA452E27F9E7005D7DB0 /* Release */,
			);
			defaultConfigurationIsVisible = 0;
			defaultConfigurationName = Release;
		};
		77CC1D422E28EEDC005B4CF0 /* Build configuration list for PBXNativeTarget "Leetcode 118. Pascal's Triangle" */ = {
			isa = XCConfigurationList;
			buildConfigurations = (
				77CC1D402E28EEDC005B4CF0 /* Debug */,
				77CC1D412E28EEDC005B4CF0 /* Release */,
			);
			defaultConfigurationIsVisible = 0;
			defaultConfigurationName = Release;
		};
		77CC1D4B2E291EFD005B4CF0 /* Build configuration list for PBXNativeTarget "calculate the decimal sum of binary array" */ = {
			isa = XCConfigurationList;
			buildConfigurations = (
				77CC1D4C2E291EFD005B4CF0 /* Debug */,
				77CC1D4D2E291EFD005B4CF0 /* Release */,
			);
			defaultConfigurationIsVisible = 0;
			defaultConfigurationName = Release;
		};
		77CC1D562E293B66005B4CF0 /* Build configuration list for PBXNativeTarget "861. Score After Flipping Matrix" */ = {
			isa = XCConfigurationList;
			buildConfigurations = (
				77CC1D572E293B66005B4CF0 /* Debug */,
				77CC1D582E293B66005B4CF0 /* Release */,
			);
			defaultConfigurationIsVisible = 0;
			defaultConfigurationName = Release;
		};
		77CC1D612E2980AD005B4CF0 /* Build configuration list for PBXNativeTarget "240. Search a 2D Matrix II" */ = {
			isa = XCConfigurationList;
			buildConfigurations = (
				77CC1D622E2980AD005B4CF0 /* Debug */,
				77CC1D632E2980AD005B4CF0 /* Release */,
			);
			defaultConfigurationIsVisible = 0;
			defaultConfigurationName = Release;
		};
		77CC1D6C2E299745005B4CF0 /* Build configuration list for PBXNativeTarget "119. Pascal's Triangle II" */ = {
			isa = XCConfigurationList;
			buildConfigurations = (
				77CC1D6D2E299745005B4CF0 /* Debug */,
				77CC1D6E2E299745005B4CF0 /* Release */,
			);
			defaultConfigurationIsVisible = 0;
			defaultConfigurationName = Release;
		};
		77E82A3E2E238DC200CB53FA /* Build configuration list for PBXNativeTarget "Wave Form" */ = {
			isa = XCConfigurationList;
			buildConfigurations = (
				77E82A3C2E238DC200CB53FA /* Debug */,
				77E82A3D2E238DC200CB53FA /* Release */,
			);
			defaultConfigurationIsVisible = 0;
			defaultConfigurationName = Release;
		};
		77E82A472E2393E300CB53FA /* Build configuration list for PBXNativeTarget "Wave Form 2" */ = {
			isa = XCConfigurationList;
			buildConfigurations = (
				77E82A482E2393E300CB53FA /* Debug */,
				77E82A492E2393E300CB53FA /* Release */,
			);
			defaultConfigurationIsVisible = 0;
			defaultConfigurationName = Release;
		};
		77E82A522E2395A500CB53FA /* Build configuration list for PBXNativeTarget "wave form 3" */ = {
			isa = XCConfigurationList;
			buildConfigurations = (
				77E82A532E2395A500CB53FA /* Debug */,
				77E82A542E2395A500CB53FA /* Release */,
			);
			defaultConfigurationIsVisible = 0;
			defaultConfigurationName = Release;
		};
		77E82A5D2E239F7F00CB53FA /* Build configuration list for PBXNativeTarget "Spiral Form" */ = {
			isa = XCConfigurationList;
			buildConfigurations = (
				77E82A5E2E239F7F00CB53FA /* Debug */,
				77E82A5F2E239F7F00CB53FA /* Release */,
			);
			defaultConfigurationIsVisible = 0;
			defaultConfigurationName = Release;
		};
/* End XCConfigurationList section */
	};
	rootObject = 777C9DBA2E1D11510099EE18 /* Project object */;
}
